Microsoft Visual Studio Solution File, Format Version 12.00
# Visual Studio Version 17
VisualStudioVersion = 17.5.2.0
MinimumVisualStudioVersion = 10.0.40219.1
Project("{FAE04EC0-301F-11D3-BF4B-00C04F79EFBC}") = "SDKGenBNM", "SDKGenBNM\SDKGenBNM.csproj", "{886CD55F-CF6D-6656-F04B-6370878504AE}"
EndProject
Global
	GlobalSection(SolutionConfigurationPlatforms) = preSolution
		Debug|Any CPU = Debug|Any CPU
		Release|Any CPU = Release|Any CPU
	EndGlobalSection
	GlobalSection(ProjectConfigurationPlatforms) = postSolution
		{886CD55F-CF6D-6656-F04B-6370878504AE}.Debug|Any CPU.ActiveCfg = Debug|Any CPU
		{886CD55F-CF6D-6656-F04B-6370878504AE}.Debug|Any CPU.Build.0 = Debug|Any CPU
		{886CD55F-CF6D-6656-F04B-6370878504AE}.Release|Any CPU.ActiveCfg = Release|Any CPU
		{886CD55F-CF6D-6656-F04B-6370878504AE}.Release|Any CPU.Build.0 = Release|Any CPU
	EndGlobalSection
	GlobalSection(SolutionProperties) = preSolution
		HideSolutionNode = FALSE
	EndGlobalSection
	GlobalSection(ExtensibilityGlobals) = postSolution
		SolutionGuid = {4F9C135F-8969-4EB6-ADC7-A8612E237ABB}
	EndGlobalSection
EndGlobal
